// !$*UTF8*$!
{
	archiveVersion = 1;
	classes = {
	};
	objectVersion = 50;
	objects = {

/* Begin PBXBuildFile section */
		0409F9BF225EE23E00CE9AFA /* Levels.plist in Resources */ = {isa = PBXBuildFile; fileRef = 0409F9BE225EE23E00CE9AFA /* Levels.plist */; };
		0409F9C5225F03D800CE9AFA /* Constants.m in Sources */ = {isa = PBXBuildFile; fileRef = 0409F9C4225F03D800CE9AFA /* Constants.m */; };
		042EE7BA225AC6F0000D421C /* AppDelegate.m in Sources */ = {isa = PBXBuildFile; fileRef = 042EE7B9225AC6F0000D421C /* AppDelegate.m */; };
		042EE7BC225AC6F0000D421C /* GameScene.sks in Resources */ = {isa = PBXBuildFile; fileRef = 042EE7BB225AC6F0000D421C /* GameScene.sks */; };
		042EE7C1225AC6F0000D421C /* GameScene.m in Sources */ = {isa = PBXBuildFile; fileRef = 042EE7C0225AC6F0000D421C /* GameScene.m */; };
		042EE7C4225AC6F0000D421C /* GameViewController.m in Sources */ = {isa = PBXBuildFile; fileRef = 042EE7C3225AC6F0000D421C /* GameViewController.m */; };
		042EE7C7225AC6F0000D421C /* Main.storyboard in Resources */ = {isa = PBXBuildFile; fileRef = 042EE7C5225AC6F0000D421C /* Main.storyboard */; };
		042EE7C9225AC6F1000D421C /* Assets.xcassets in Resources */ = {isa = PBXBuildFile; fileRef = 042EE7C8225AC6F1000D421C /* Assets.xcassets */; };
		042EE7CF225AC6F1000D421C /* main.m in Sources */ = {isa = PBXBuildFile; fileRef = 042EE7CE225AC6F1000D421C /* main.m */; };
		042EE7D9225AC6F1000D421C /* Brick_BreakerTests.m in Sources */ = {isa = PBXBuildFile; fileRef = 042EE7D8225AC6F1000D421C /* Brick_BreakerTests.m */; };
		042EE7E4225AC6F1000D421C /* Brick_BreakerUITests.m in Sources */ = {isa = PBXBuildFile; fileRef = 042EE7E3225AC6F1000D421C /* Brick_BreakerUITests.m */; };
		042EE7F3225ADE51000D421C /* Brick.m in Sources */ = {isa = PBXBuildFile; fileRef = 042EE7F2225ADE51000D421C /* Brick.m */; };
		042EE7F5225C0EF6000D421C /* BrickExplosion.sks in Resources */ = {isa = PBXBuildFile; fileRef = 042EE7F4225C0EF6000D421C /* BrickExplosion.sks */; };
		042EE7F8225C127C000D421C /* Menu.m in Sources */ = {isa = PBXBuildFile; fileRef = 042EE7F7225C127C000D421C /* Menu.m */; };
		042EE7FE225C1B60000D421C /* BallBounce.caf in Resources */ = {isa = PBXBuildFile; fileRef = 042EE7F9225C1B5F000D421C /* BallBounce.caf */; };
		042EE7FF225C1B60000D421C /* BallBounce.caf in Resources */ = {isa = PBXBuildFile; fileRef = 042EE7F9225C1B5F000D421C /* BallBounce.caf */; };
		042EE800225C1B60000D421C /* BallBounce.caf in Resources */ = {isa = PBXBuildFile; fileRef = 042EE7F9225C1B5F000D421C /* BallBounce.caf */; };
		042EE801225C1B60000D421C /* BrickSmash.caf in Resources */ = {isa = PBXBuildFile; fileRef = 042EE7FA225C1B5F000D421C /* BrickSmash.caf */; };
		042EE802225C1B60000D421C /* BrickSmash.caf in Resources */ = {isa = PBXBuildFile; fileRef = 042EE7FA225C1B5F000D421C /* BrickSmash.caf */; };
		042EE803225C1B60000D421C /* BrickSmash.caf in Resources */ = {isa = PBXBuildFile; fileRef = 042EE7FA225C1B5F000D421C /* BrickSmash.caf */; };
		042EE804225C1B60000D421C /* LoseLife.caf in Resources */ = {isa = PBXBuildFile; fileRef = 042EE7FB225C1B5F000D421C /* LoseLife.caf */; };
		042EE805225C1B60000D421C /* LoseLife.caf in Resources */ = {isa = PBXBuildFile; fileRef = 042EE7FB225C1B5F000D421C /* LoseLife.caf */; };
		042EE806225C1B60000D421C /* LoseLife.caf in Resources */ = {isa = PBXBuildFile; fileRef = 042EE7FB225C1B5F000D421C /* LoseLife.caf */; };
		042EE807225C1B60000D421C /* LevelUp.caf in Resources */ = {isa = PBXBuildFile; fileRef = 042EE7FC225C1B60000D421C /* LevelUp.caf */; };
		042EE808225C1B60000D421C /* LevelUp.caf in Resources */ = {isa = PBXBuildFile; fileRef = 042EE7FC225C1B60000D421C /* LevelUp.caf */; };
		042EE809225C1B60000D421C /* LevelUp.caf in Resources */ = {isa = PBXBuildFile; fileRef = 042EE7FC225C1B60000D421C /* LevelUp.caf */; };
		042EE80A225C1B60000D421C /* PaddleBounce.caf in Resources */ = {isa = PBXBuildFile; fileRef = 042EE7FD225C1B60000D421C /* PaddleBounce.caf */; };
		042EE80B225C1B60000D421C /* PaddleBounce.caf in Resources */ = {isa = PBXBuildFile; fileRef = 042EE7FD225C1B60000D421C /* PaddleBounce.caf */; };
		042EE80C225C1B60000D421C /* PaddleBounce.caf in Resources */ = {isa = PBXBuildFile; fileRef = 042EE7FD225C1B60000D421C /* PaddleBounce.caf */; };
		043E7FE922868C4600A1AD72 /* Powers.plist in Resources */ = {isa = PBXBuildFile; fileRef = 043E7FE822868C4600A1AD72 /* Powers.plist */; };
		044C6EBB2293ACB3002A0641 /* AudioPlayer.m in Sources */ = {isa = PBXBuildFile; fileRef = 044C6EBA2293ACB2002A0641 /* AudioPlayer.m */; };
		044C6EBD2293AF42002A0641 /* GameLoop.caf in Resources */ = {isa = PBXBuildFile; fileRef = 044C6EBC2293AF42002A0641 /* GameLoop.caf */; };
		044C6EBF2293BD97002A0641 /* ChillTrap.caf in Resources */ = {isa = PBXBuildFile; fileRef = 044C6EBE2293BD97002A0641 /* ChillTrap.caf */; };
		044C6EC12293C123002A0641 /* MarimbaBoy.caf in Resources */ = {isa = PBXBuildFile; fileRef = 044C6EC02293C123002A0641 /* MarimbaBoy.caf */; };
		0457E1E822ABDCCE00C053AA /* ALBAM___.TTF in Resources */ = {isa = PBXBuildFile; fileRef = 0457E1E722ABDCCE00C053AA /* ALBAM___.TTF */; };
		0457E1F122AFAB4100C053AA /* LaunchScreen.storyboard in Resources */ = {isa = PBXBuildFile; fileRef = 0457E1F022AFAB4100C053AA /* LaunchScreen.storyboard */; };
		0457E25422B0F82600C053AA /* zorque.ttf in Resources */ = {isa = PBXBuildFile; fileRef = 0457E25322B0F82600C053AA /* zorque.ttf */; };
		0457E25922B1E2F000C053AA /* Help.m in Sources */ = {isa = PBXBuildFile; fileRef = 0457E25822B1E2F000C053AA /* Help.m */; };
		046CE9F9226013BE006C99FD /* Ball.m in Sources */ = {isa = PBXBuildFile; fileRef = 046CE9F8226013BE006C99FD /* Ball.m */; };
		046CE9FC22607728006C99FD /* Paddle.m in Sources */ = {isa = PBXBuildFile; fileRef = 046CE9FB22607728006C99FD /* Paddle.m */; };
		046CEA092262E65E006C99FD /* BallTrail.sks in Resources */ = {isa = PBXBuildFile; fileRef = 046CEA082262E65E006C99FD /* BallTrail.sks */; };
		049D23E7228A7CEE00F49175 /* Epilogue.m in Sources */ = {isa = PBXBuildFile; fileRef = 049D23E6228A7CEE00F49175 /* Epilogue.m */; };
		04A1D23B2277014E00DDF0E4 /* GameKit.framework in Frameworks */ = {isa = PBXBuildFile; fileRef = 04A1D23A2277014E00DDF0E4 /* GameKit.framework */; };
		04A1D23E22770CBF00DDF0E4 /* GameCenterManager.m in Sources */ = {isa = PBXBuildFile; fileRef = 04A1D23D22770CBF00DDF0E4 /* GameCenterManager.m */; };
		04BAD583229D68A0002D0DD1 /* CoreMotion.framework in Frameworks */ = {isa = PBXBuildFile; fileRef = 04BAD582229D68A0002D0DD1 /* CoreMotion.framework */; };
		04CCCBCB22811B9200C05A6E /* AVFoundation.framework in Frameworks */ = {isa = PBXBuildFile; fileRef = 04CCCBCA22811B9200C05A6E /* AVFoundation.framework */; };
		04E87B0622B63EF000A9025D /* BeforePlay.m in Sources */ = {isa = PBXBuildFile; fileRef = 04E87B0522B63EF000A9025D /* BeforePlay.m */; };
/* End PBXBuildFile section */

/* Begin PBXContainerItemProxy section */
		042EE7D5225AC6F1000D421C /* PBXContainerItemProxy */ = {
			isa = PBXContainerItemProxy;
			containerPortal = 042EE7AD225AC6F0000D421C /* Project object */;
			proxyType = 1;
			remoteGlobalIDString = 042EE7B4225AC6F0000D421C;
			remoteInfo = "Brick Breaker";
		};
		042EE7E0225AC6F1000D421C /* PBXContainerItemProxy */ = {
			isa = PBXContainerItemProxy;
			containerPortal = 042EE7AD225AC6F0000D421C /* Project object */;
			proxyType = 1;
			remoteGlobalIDString = 042EE7B4225AC6F0000D421C;
			remoteInfo = "Brick Breaker";
		};
/* End PBXContainerItemProxy section */

/* Begin PBXFileReference section */
		0409F9BE225EE23E00CE9AFA /* Levels.plist */ = {isa = PBXFileReference; lastKnownFileType = text.plist.xml; path = Levels.plist; sourceTree = "<group>"; };
		0409F9C3225F03D800CE9AFA /* Constants.h */ = {isa = PBXFileReference; lastKnownFileType = sourcecode.c.h; path = Constants.h; sourceTree = "<group>"; };
		0409F9C4225F03D800CE9AFA /* Constants.m */ = {isa = PBXFileReference; lastKnownFileType = sourcecode.c.objc; path = Constants.m; sourceTree = "<group>"; };
		042EE7B5225AC6F0000D421C /* Brick Breaker.app */ = {isa = PBXFileReference; explicitFileType = wrapper.application; includeInIndex = 0; path = "Brick Breaker.app"; sourceTree = BUILT_PRODUCTS_DIR; };
		042EE7B8225AC6F0000D421C /* AppDelegate.h */ = {isa = PBXFileReference; lastKnownFileType = sourcecode.c.h; path = AppDelegate.h; sourceTree = "<group>"; };
		042EE7B9225AC6F0000D421C /* AppDelegate.m */ = {isa = PBXFileReference; lastKnownFileType = sourcecode.c.objc; path = AppDelegate.m; sourceTree = "<group>"; };
		042EE7BB225AC6F0000D421C /* GameScene.sks */ = {isa = PBXFileReference; lastKnownFileType = file.sks; path = GameScene.sks; sourceTree = "<group>"; };
		042EE7BF225AC6F0000D421C /* GameScene.h */ = {isa = PBXFileReference; lastKnownFileType = sourcecode.c.h; path = GameScene.h; sourceTree = "<group>"; };
		042EE7C0225AC6F0000D421C /* GameScene.m */ = {isa = PBXFileReference; lastKnownFileType = sourcecode.c.objc; path = GameScene.m; sourceTree = "<group>"; };
		042EE7C2225AC6F0000D421C /* GameViewController.h */ = {isa = PBXFileReference; lastKnownFileType = sourcecode.c.h; path = GameViewController.h; sourceTree = "<group>"; };
		042EE7C3225AC6F0000D421C /* GameViewController.m */ = {isa = PBXFileReference; lastKnownFileType = sourcecode.c.objc; path = GameViewController.m; sourceTree = "<group>"; };
		042EE7C6225AC6F0000D421C /* Base */ = {isa = PBXFileReference; lastKnownFileType = file.storyboard; name = Base; path = Base.lproj/Main.storyboard; sourceTree = "<group>"; };
		042EE7C8225AC6F1000D421C /* Assets.xcassets */ = {isa = PBXFileReference; lastKnownFileType = folder.assetcatalog; path = Assets.xcassets; sourceTree = "<group>"; };
		042EE7CD225AC6F1000D421C /* Info.plist */ = {isa = PBXFileReference; lastKnownFileType = text.plist.xml; path = Info.plist; sourceTree = "<group>"; };
		042EE7CE225AC6F1000D421C /* main.m */ = {isa = PBXFileReference; lastKnownFileType = sourcecode.c.objc; path = main.m; sourceTree = "<group>"; };
		042EE7D4225AC6F1000D421C /* Brick BreakerTests.xctest */ = {isa = PBXFileReference; explicitFileType = wrapper.cfbundle; includeInIndex = 0; path = "Brick BreakerTests.xctest"; sourceTree = BUILT_PRODUCTS_DIR; };
		042EE7D8225AC6F1000D421C /* Brick_BreakerTests.m */ = {isa = PBXFileReference; lastKnownFileType = sourcecode.c.objc; path = Brick_BreakerTests.m; sourceTree = "<group>"; };
		042EE7DA225AC6F1000D421C /* Info.plist */ = {isa = PBXFileReference; lastKnownFileType = text.plist.xml; path = Info.plist; sourceTree = "<group>"; };
		042EE7DF225AC6F1000D421C /* Brick BreakerUITests.xctest */ = {isa = PBXFileReference; explicitFileType = wrapper.cfbundle; includeInIndex = 0; path = "Brick BreakerUITests.xctest"; sourceTree = BUILT_PRODUCTS_DIR; };
		042EE7E3225AC6F1000D421C /* Brick_BreakerUITests.m */ = {isa = PBXFileReference; lastKnownFileType = sourcecode.c.objc; path = Brick_BreakerUITests.m; sourceTree = "<group>"; };
		042EE7E5225AC6F1000D421C /* Info.plist */ = {isa = PBXFileReference; lastKnownFileType = text.plist.xml; path = Info.plist; sourceTree = "<group>"; };
		042EE7F1225ADE51000D421C /* Brick.h */ = {isa = PBXFileReference; lastKnownFileType = sourcecode.c.h; path = Brick.h; sourceTree = "<group>"; };
		042EE7F2225ADE51000D421C /* Brick.m */ = {isa = PBXFileReference; lastKnownFileType = sourcecode.c.objc; path = Brick.m; sourceTree = "<group>"; };
		042EE7F4225C0EF6000D421C /* BrickExplosion.sks */ = {isa = PBXFileReference; lastKnownFileType = file.sks; path = BrickExplosion.sks; sourceTree = "<group>"; };
		042EE7F6225C127C000D421C /* Menu.h */ = {isa = PBXFileReference; lastKnownFileType = sourcecode.c.h; path = Menu.h; sourceTree = "<group>"; };
		042EE7F7225C127C000D421C /* Menu.m */ = {isa = PBXFileReference; lastKnownFileType = sourcecode.c.objc; path = Menu.m; sourceTree = "<group>"; };
		042EE7F9225C1B5F000D421C /* BallBounce.caf */ = {isa = PBXFileReference; lastKnownFileType = file; path = BallBounce.caf; sourceTree = "<group>"; };
		042EE7FA225C1B5F000D421C /* BrickSmash.caf */ = {isa = PBXFileReference; lastKnownFileType = file; path = BrickSmash.caf; sourceTree = "<group>"; };
		042EE7FB225C1B5F000D421C /* LoseLife.caf */ = {isa = PBXFileReference; lastKnownFileType = file; path = LoseLife.caf; sourceTree = "<group>"; };
		042EE7FC225C1B60000D421C /* LevelUp.caf */ = {isa = PBXFileReference; lastKnownFileType = file; path = LevelUp.caf; sourceTree = "<group>"; };
		042EE7FD225C1B60000D421C /* PaddleBounce.caf */ = {isa = PBXFileReference; lastKnownFileType = file; path = PaddleBounce.caf; sourceTree = "<group>"; };
		043E7FE822868C4600A1AD72 /* Powers.plist */ = {isa = PBXFileReference; lastKnownFileType = text.plist.xml; path = Powers.plist; sourceTree = "<group>"; };
		044C6EB92293ACB2002A0641 /* AudioPlayer.h */ = {isa = PBXFileReference; lastKnownFileType = sourcecode.c.h; path = AudioPlayer.h; sourceTree = "<group>"; };
		044C6EBA2293ACB2002A0641 /* AudioPlayer.m */ = {isa = PBXFileReference; lastKnownFileType = sourcecode.c.objc; path = AudioPlayer.m; sourceTree = "<group>"; };
		044C6EBC2293AF42002A0641 /* GameLoop.caf */ = {isa = PBXFileReference; lastKnownFileType = file; path = GameLoop.caf; sourceTree = "<group>"; };
		044C6EBE2293BD97002A0641 /* ChillTrap.caf */ = {isa = PBXFileReference; lastKnownFileType = file; path = ChillTrap.caf; sourceTree = "<group>"; };
		044C6EC02293C123002A0641 /* MarimbaBoy.caf */ = {isa = PBXFileReference; lastKnownFileType = file; path = MarimbaBoy.caf; sourceTree = "<group>"; };
		0457E1E722ABDCCE00C053AA /* ALBAM___.TTF */ = {isa = PBXFileReference; lastKnownFileType = file; path = "ALBAM___.TTF"; sourceTree = "<group>"; };
		0457E1F022AFAB4100C053AA /* LaunchScreen.storyboard */ = {isa = PBXFileReference; lastKnownFileType = file.storyboard; path = LaunchScreen.storyboard; sourceTree = "<group>"; };
		0457E25322B0F82600C053AA /* zorque.ttf */ = {isa = PBXFileReference; lastKnownFileType = file; path = zorque.ttf; sourceTree = "<group>"; };
		0457E25722B1E2F000C053AA /* Help.h */ = {isa = PBXFileReference; lastKnownFileType = sourcecode.c.h; path = Help.h; sourceTree = "<group>"; };
		0457E25822B1E2F000C053AA /* Help.m */ = {isa = PBXFileReference; lastKnownFileType = sourcecode.c.objc; path = Help.m; sourceTree = "<group>"; };
		046CE9F7226013BE006C99FD /* Ball.h */ = {isa = PBXFileReference; lastKnownFileType = sourcecode.c.h; path = Ball.h; sourceTree = "<group>"; };
		046CE9F8226013BE006C99FD /* Ball.m */ = {isa = PBXFileReference; lastKnownFileType = sourcecode.c.objc; path = Ball.m; sourceTree = "<group>"; };
		046CE9FA22607728006C99FD /* Paddle.h */ = {isa = PBXFileReference; lastKnownFileType = sourcecode.c.h; path = Paddle.h; sourceTree = "<group>"; };
		046CE9FB22607728006C99FD /* Paddle.m */ = {isa = PBXFileReference; lastKnownFileType = sourcecode.c.objc; path = Paddle.m; sourceTree = "<group>"; };
		046CEA082262E65E006C99FD /* BallTrail.sks */ = {isa = PBXFileReference; lastKnownFileType = file.sks; path = BallTrail.sks; sourceTree = "<group>"; };
		049D23E5228A7CEE00F49175 /* Epilogue.h */ = {isa = PBXFileReference; lastKnownFileType = sourcecode.c.h; path = Epilogue.h; sourceTree = "<group>"; };
		049D23E6228A7CEE00F49175 /* Epilogue.m */ = {isa = PBXFileReference; lastKnownFileType = sourcecode.c.objc; path = Epilogue.m; sourceTree = "<group>"; };
		04A1D23A2277014E00DDF0E4 /* GameKit.framework */ = {isa = PBXFileReference; lastKnownFileType = wrapper.framework; name = GameKit.framework; path = System/Library/Frameworks/GameKit.framework; sourceTree = SDKROOT; };
		04A1D23C22770CBF00DDF0E4 /* GameCenterManager.h */ = {isa = PBXFileReference; lastKnownFileType = sourcecode.c.h; path = GameCenterManager.h; sourceTree = "<group>"; };
		04A1D23D22770CBF00DDF0E4 /* GameCenterManager.m */ = {isa = PBXFileReference; lastKnownFileType = sourcecode.c.objc; path = GameCenterManager.m; sourceTree = "<group>"; };
		04BAD582229D68A0002D0DD1 /* CoreMotion.framework */ = {isa = PBXFileReference; lastKnownFileType = wrapper.framework; name = CoreMotion.framework; path = System/Library/Frameworks/CoreMotion.framework; sourceTree = SDKROOT; };
		04CCCBCA22811B9200C05A6E /* AVFoundation.framework */ = {isa = PBXFileReference; lastKnownFileType = wrapper.framework; name = AVFoundation.framework; path = System/Library/Frameworks/AVFoundation.framework; sourceTree = SDKROOT; };
		04E87B0422B63EF000A9025D /* BeforePlay.h */ = {isa = PBXFileReference; lastKnownFileType = sourcecode.c.h; path = BeforePlay.h; sourceTree = "<group>"; };
		04E87B0522B63EF000A9025D /* BeforePlay.m */ = {isa = PBXFileReference; lastKnownFileType = sourcecode.c.objc; path = BeforePlay.m; sourceTree = "<group>"; };
/* End PBXFileReference section */

/* Begin PBXFrameworksBuildPhase section */
		042EE7B2225AC6F0000D421C /* Frameworks */ = {
			isa = PBXFrameworksBuildPhase;
			buildActionMask = 2147483647;
			files = (
				04BAD583229D68A0002D0DD1 /* CoreMotion.framework in Frameworks */,
				04CCCBCB22811B9200C05A6E /* AVFoundation.framework in Frameworks */,
				04A1D23B2277014E00DDF0E4 /* GameKit.framework in Frameworks */,
			);
			runOnlyForDeploymentPostprocessing = 0;
		};
		042EE7D1225AC6F1000D421C /* Frameworks */ = {
			isa = PBXFrameworksBuildPhase;
			buildActionMask = 2147483647;
			files = (
			);
			runOnlyForDeploymentPostprocessing = 0;
		};
		042EE7DC225AC6F1000D421C /* Frameworks */ = {
			isa = PBXFrameworksBuildPhase;
			buildActionMask = 2147483647;
			files = (
			);
			runOnlyForDeploymentPostprocessing = 0;
		};
/* End PBXFrameworksBuildPhase section */

/* Begin PBXGroup section */
		0409F9BD225ED3F100CE9AFA /* Sounds */ = {
			isa = PBXGroup;
			children = (
				044C6EBE2293BD97002A0641 /* ChillTrap.caf */,
				044C6EBC2293AF42002A0641 /* GameLoop.caf */,
				042EE7F9225C1B5F000D421C /* BallBounce.caf */,
				044C6EC02293C123002A0641 /* MarimbaBoy.caf */,
				042EE7FA225C1B5F000D421C /* BrickSmash.caf */,
				042EE7FC225C1B60000D421C /* LevelUp.caf */,
				042EE7FB225C1B5F000D421C /* LoseLife.caf */,
				042EE7FD225C1B60000D421C /* PaddleBounce.caf */,
			);
			path = Sounds;
			sourceTree = "<group>";
		};
		042EE7AC225AC6F0000D421C = {
			isa = PBXGroup;
			children = (
				042EE7B7225AC6F0000D421C /* Brick Breaker */,
				042EE7D7225AC6F1000D421C /* Brick BreakerTests */,
				042EE7E2225AC6F1000D421C /* Brick BreakerUITests */,
				042EE7B6225AC6F0000D421C /* Products */,
				04A1D2372276FF7600DDF0E4 /* Frameworks */,
			);
			sourceTree = "<group>";
		};
		042EE7B6225AC6F0000D421C /* Products */ = {
			isa = PBXGroup;
			children = (
				042EE7B5225AC6F0000D421C /* Brick Breaker.app */,
				042EE7D4225AC6F1000D421C /* Brick BreakerTests.xctest */,
				042EE7DF225AC6F1000D421C /* Brick BreakerUITests.xctest */,
			);
			name = Products;
			sourceTree = "<group>";
		};
		042EE7B7225AC6F0000D421C /* Brick Breaker */ = {
			isa = PBXGroup;
			children = (
				0457E25622B0F84900C053AA /* Custom Fonts */,
				0409F9BD225ED3F100CE9AFA /* Sounds */,
				042EE7C8225AC6F1000D421C /* Assets.xcassets */,
				042EE7B8225AC6F0000D421C /* AppDelegate.h */,
				042EE7B9225AC6F0000D421C /* AppDelegate.m */,
				044C6EB92293ACB2002A0641 /* AudioPlayer.h */,
				044C6EBA2293ACB2002A0641 /* AudioPlayer.m */,
				046CE9F7226013BE006C99FD /* Ball.h */,
				046CE9F8226013BE006C99FD /* Ball.m */,
				046CEA082262E65E006C99FD /* BallTrail.sks */,
				04E87B0422B63EF000A9025D /* BeforePlay.h */,
				04E87B0522B63EF000A9025D /* BeforePlay.m */,
				042EE7F1225ADE51000D421C /* Brick.h */,
				042EE7F2225ADE51000D421C /* Brick.m */,
				042EE7F4225C0EF6000D421C /* BrickExplosion.sks */,
				0409F9C3225F03D800CE9AFA /* Constants.h */,
				0409F9C4225F03D800CE9AFA /* Constants.m */,
				049D23E5228A7CEE00F49175 /* Epilogue.h */,
				049D23E6228A7CEE00F49175 /* Epilogue.m */,
				042EE7BB225AC6F0000D421C /* GameScene.sks */,
				042EE7BF225AC6F0000D421C /* GameScene.h */,
				042EE7C0225AC6F0000D421C /* GameScene.m */,
				04A1D23C22770CBF00DDF0E4 /* GameCenterManager.h */,
				04A1D23D22770CBF00DDF0E4 /* GameCenterManager.m */,
				042EE7C2225AC6F0000D421C /* GameViewController.h */,
				042EE7C3225AC6F0000D421C /* GameViewController.m */,
				0457E25722B1E2F000C053AA /* Help.h */,
				0457E25822B1E2F000C053AA /* Help.m */,
				042EE7CD225AC6F1000D421C /* Info.plist */,
				0457E1F022AFAB4100C053AA /* LaunchScreen.storyboard */,
				0409F9BE225EE23E00CE9AFA /* Levels.plist */,
				042EE7C5225AC6F0000D421C /* Main.storyboard */,
				042EE7CE225AC6F1000D421C /* main.m */,
				042EE7F6225C127C000D421C /* Menu.h */,
				042EE7F7225C127C000D421C /* Menu.m */,
				043E7FE822868C4600A1AD72 /* Powers.plist */,
				046CE9FA22607728006C99FD /* Paddle.h */,
				046CE9FB22607728006C99FD /* Paddle.m */,
			);
			path = "Brick Breaker";
			sourceTree = "<group>";
		};
		042EE7D7225AC6F1000D421C /* Brick BreakerTests */ = {
			isa = PBXGroup;
			children = (
				042EE7D8225AC6F1000D421C /* Brick_BreakerTests.m */,
				042EE7DA225AC6F1000D421C /* Info.plist */,
			);
			path = "Brick BreakerTests";
			sourceTree = "<group>";
		};
		042EE7E2225AC6F1000D421C /* Brick BreakerUITests */ = {
			isa = PBXGroup;
			children = (
				042EE7E3225AC6F1000D421C /* Brick_BreakerUITests.m */,
				042EE7E5225AC6F1000D421C /* Info.plist */,
			);
			path = "Brick BreakerUITests";
			sourceTree = "<group>";
		};
		0457E25622B0F84900C053AA /* Custom Fonts */ = {
			isa = PBXGroup;
			children = (
				0457E25322B0F82600C053AA /* zorque.ttf */,
				0457E1E722ABDCCE00C053AA /* ALBAM___.TTF */,
			);
			path = "Custom Fonts";
			sourceTree = "<group>";
		};
		04A1D2372276FF7600DDF0E4 /* Frameworks */ = {
			isa = PBXGroup;
			children = (
				04BAD582229D68A0002D0DD1 /* CoreMotion.framework */,
				04CCCBCA22811B9200C05A6E /* AVFoundation.framework */,
				04A1D23A2277014E00DDF0E4 /* GameKit.framework */,
			);
			name = Frameworks;
			sourceTree = "<group>";
		};
/* End PBXGroup section */

/* Begin PBXNativeTarget section */
		042EE7B4225AC6F0000D421C /* Brick Breaker */ = {
			isa = PBXNativeTarget;
			buildConfigurationList = 042EE7E8225AC6F1000D421C /* Build configuration list for PBXNativeTarget "Brick Breaker" */;
			buildPhases = (
				042EE7B1225AC6F0000D421C /* Sources */,
				042EE7B2225AC6F0000D421C /* Frameworks */,
				042EE7B3225AC6F0000D421C /* Resources */,
			);
			buildRules = (
			);
			dependencies = (
			);
			name = "Brick Breaker";
			productName = "Brick Breaker";
			productReference = 042EE7B5225AC6F0000D421C /* Brick Breaker.app */;
			productType = "com.apple.product-type.application";
		};
		042EE7D3225AC6F1000D421C /* Brick BreakerTests */ = {
			isa = PBXNativeTarget;
			buildConfigurationList = 042EE7EB225AC6F1000D421C /* Build configuration list for PBXNativeTarget "Brick BreakerTests" */;
			buildPhases = (
				042EE7D0225AC6F1000D421C /* Sources */,
				042EE7D1225AC6F1000D421C /* Frameworks */,
				042EE7D2225AC6F1000D421C /* Resources */,
			);
			buildRules = (
			);
			dependencies = (
				042EE7D6225AC6F1000D421C /* PBXTargetDependency */,
			);
			name = "Brick BreakerTests";
			productName = "Brick BreakerTests";
			productReference = 042EE7D4225AC6F1000D421C /* Brick BreakerTests.xctest */;
			productType = "com.apple.product-type.bundle.unit-test";
		};
		042EE7DE225AC6F1000D421C /* Brick BreakerUITests */ = {
			isa = PBXNativeTarget;
			buildConfigurationList = 042EE7EE225AC6F1000D421C /* Build configuration list for PBXNativeTarget "Brick BreakerUITests" */;
			buildPhases = (
				042EE7DB225AC6F1000D421C /* Sources */,
				042EE7DC225AC6F1000D421C /* Frameworks */,
				042EE7DD225AC6F1000D421C /* Resources */,
			);
			buildRules = (
			);
			dependencies = (
				042EE7E1225AC6F1000D421C /* PBXTargetDependency */,
			);
			name = "Brick BreakerUITests";
			productName = "Brick BreakerUITests";
			productReference = 042EE7DF225AC6F1000D421C /* Brick BreakerUITests.xctest */;
			productType = "com.apple.product-type.bundle.ui-testing";
		};
/* End PBXNativeTarget section */

/* Begin PBXProject section */
		042EE7AD225AC6F0000D421C /* Project object */ = {
			isa = PBXProject;
			attributes = {
				LastUpgradeCheck = 1020;
				ORGANIZATIONNAME = "Tantawy Mohammed";
				TargetAttributes = {
					042EE7B4225AC6F0000D421C = {
						CreatedOnToolsVersion = 10.2;
						SystemCapabilities = {
							com.apple.GameCenter.iOS = {
								enabled = 1;
							};
						};
					};
					042EE7D3225AC6F1000D421C = {
						CreatedOnToolsVersion = 10.2;
						TestTargetID = 042EE7B4225AC6F0000D421C;
					};
					042EE7DE225AC6F1000D421C = {
						CreatedOnToolsVersion = 10.2;
						TestTargetID = 042EE7B4225AC6F0000D421C;
					};
				};
			};
			buildConfigurationList = 042EE7B0225AC6F0000D421C /* Build configuration list for PBXProject "Brick Breaker" */;
			compatibilityVersion = "Xcode 9.3";
			developmentRegion = en;
			hasScannedForEncodings = 0;
			knownRegions = (
				en,
				Base,
			);
			mainGroup = 042EE7AC225AC6F0000D421C;
			productRefGroup = 042EE7B6225AC6F0000D421C /* Products */;
			projectDirPath = "";
			projectRoot = "";
			targets = (
				042EE7B4225AC6F0000D421C /* Brick Breaker */,
				042EE7D3225AC6F1000D421C /* Brick BreakerTests */,
				042EE7DE225AC6F1000D421C /* Brick BreakerUITests */,
			);
		};
/* End PBXProject section */

/* Begin PBXResourcesBuildPhase section */
		042EE7B3225AC6F0000D421C /* Resources */ = {
			isa = PBXResourcesBuildPhase;
			buildActionMask = 2147483647;
			files = (
				042EE80A225C1B60000D421C /* PaddleBounce.caf in Resources */,
				042EE807225C1B60000D421C /* LevelUp.caf in Resources */,
				0457E1F122AFAB4100C053AA /* LaunchScreen.storyboard in Resources */,
				043E7FE922868C4600A1AD72 /* Powers.plist in Resources */,
				0409F9BF225EE23E00CE9AFA /* Levels.plist in Resources */,
				046CEA092262E65E006C99FD /* BallTrail.sks in Resources */,
				044C6EBD2293AF42002A0641 /* GameLoop.caf in Resources */,
				044C6EC12293C123002A0641 /* MarimbaBoy.caf in Resources */,
				042EE7C7225AC6F0000D421C /* Main.storyboard in Resources */,
				042EE7BC225AC6F0000D421C /* GameScene.sks in Resources */,
				042EE7C9225AC6F1000D421C /* Assets.xcassets in Resources */,
				042EE804225C1B60000D421C /* LoseLife.caf in Resources */,
				0457E25422B0F82600C053AA /* zorque.ttf in Resources */,
				042EE801225C1B60000D421C /* BrickSmash.caf in Resources */,
				044C6EBF2293BD97002A0641 /* ChillTrap.caf in Resources */,
				042EE7FE225C1B60000D421C /* BallBounce.caf in Resources */,
				0457E1E822ABDCCE00C053AA /* ALBAM___.TTF in Resources */,
				042EE7F5225C0EF6000D421C /* BrickExplosion.sks in Resources */,
			);
			runOnlyForDeploymentPostprocessing = 0;
		};
		042EE7D2225AC6F1000D421C /* Resources */ = {
			isa = PBXResourcesBuildPhase;
			buildActionMask = 2147483647;
			files = (
				042EE808225C1B60000D421C /* LevelUp.caf in Resources */,
				042EE80B225C1B60000D421C /* PaddleBounce.caf in Resources */,
				042EE7FF225C1B60000D421C /* BallBounce.caf in Resources */,
				042EE805225C1B60000D421C /* LoseLife.caf in Resources */,
				042EE802225C1B60000D421C /* BrickSmash.caf in Resources */,
			);
			runOnlyForDeploymentPostprocessing = 0;
		};
		042EE7DD225AC6F1000D421C /* Resources */ = {
			isa = PBXResourcesBuildPhase;
			buildActionMask = 2147483647;
			files = (
				042EE809225C1B60000D421C /* LevelUp.caf in Resources */,
				042EE80C225C1B60000D421C /* PaddleBounce.caf in Resources */,
				042EE800225C1B60000D421C /* BallBounce.caf in Resources */,
				042EE806225C1B60000D421C /* LoseLife.caf in Resources */,
				042EE803225C1B60000D421C /* BrickSmash.caf in Resources */,
			);
			runOnlyForDeploymentPostprocessing = 0;
		};
/* End PBXResourcesBuildPhase section */

/* Begin PBXSourcesBuildPhase section */
		042EE7B1225AC6F0000D421C /* Sources */ = {
			isa = PBXSourcesBuildPhase;
			buildActionMask = 2147483647;
			files = (
				0457E25922B1E2F000C053AA /* Help.m in Sources */,
				042EE7C1225AC6F0000D421C /* GameScene.m in Sources */,
				042EE7C4225AC6F0000D421C /* GameViewController.m in Sources */,
				042EE7F8225C127C000D421C /* Menu.m in Sources */,
				046CE9FC22607728006C99FD /* Paddle.m in Sources */,
				0409F9C5225F03D800CE9AFA /* Constants.m in Sources */,
				046CE9F9226013BE006C99FD /* Ball.m in Sources */,
				04A1D23E22770CBF00DDF0E4 /* GameCenterManager.m in Sources */,
				044C6EBB2293ACB3002A0641 /* AudioPlayer.m in Sources */,
				049D23E7228A7CEE00F49175 /* Epilogue.m in Sources */,
				04E87B0622B63EF000A9025D /* BeforePlay.m in Sources */,
				042EE7F3225ADE51000D421C /* Brick.m in Sources */,
				042EE7CF225AC6F1000D421C /* main.m in Sources */,
				042EE7BA225AC6F0000D421C /* AppDelegate.m in Sources */,
			);
			runOnlyForDeploymentPostprocessing = 0;
		};
		042EE7D0225AC6F1000D421C /* Sources */ = {
			isa = PBXSourcesBuildPhase;
			buildActionMask = 2147483647;
			files = (
				042EE7D9225AC6F1000D421C /* Brick_BreakerTests.m in Sources */,
			);
			runOnlyForDeploymentPostprocessing = 0;
		};
		042EE7DB225AC6F1000D421C /* Sources */ = {
			isa = PBXSourcesBuildPhase;
			buildActionMask = 2147483647;
			files = (
				042EE7E4225AC6F1000D421C /* Brick_BreakerUITests.m in Sources */,
			);
			runOnlyForDeploymentPostprocessing = 0;
		};
/* End PBXSourcesBuildPhase section */

/* Begin PBXTargetDependency section */
		042EE7D6225AC6F1000D421C /* PBXTargetDependency */ = {
			isa = PBXTargetDependency;
			target = 042EE7B4225AC6F0000D421C /* Brick Breaker */;
			targetProxy = 042EE7D5225AC6F1000D421C /* PBXContainerItemProxy */;
		};
		042EE7E1225AC6F1000D421C /* PBXTargetDependency */ = {
			isa = PBXTargetDependency;
			target = 042EE7B4225AC6F0000D421C /* Brick Breaker */;
			targetProxy = 042EE7E0225AC6F1000D421C /* PBXContainerItemProxy */;
		};
/* End PBXTargetDependency section */

/* Begin PBXVariantGroup section */
		042EE7C5225AC6F0000D421C /* Main.storyboard */ = {
			isa = PBXVariantGroup;
			children = (
				042EE7C6225AC6F0000D421C /* Base */,
			);
			name = Main.storyboard;
			sourceTree = "<group>";
		};
/* End PBXVariantGroup section */

/* Begin XCBuildConfiguration section */
		042EE7E6225AC6F1000D421C /* Debug */ = {
			isa = XCBuildConfiguration;
			buildSettings = {
				ALWAYS_SEARCH_USER_PATHS = NO;
				CLANG_ANALYZER_NONNULL = YES;
				CLANG_ANALYZER_NUMBER_OBJECT_CONVERSION = YES_AGGRESSIVE;
				CLANG_CXX_LANGUAGE_STANDARD = "gnu++14";
				CLANG_CXX_LIBRARY = "libc++";
				CLANG_ENABLE_MODULES = YES;
				CLANG_ENABLE_OBJC_ARC = YES;
				CLANG_ENABLE_OBJC_WEAK = YES;
				CLANG_WARN_BLOCK_CAPTURE_AUTORELEASING = YES;
				CLANG_WARN_BOOL_CONVERSION = YES;
				CLANG_WARN_COMMA = YES;
				CLANG_WARN_CONSTANT_CONVERSION = YES;
				CLANG_WARN_DEPRECATED_OBJC_IMPLEMENTATIONS = YES;
				CLANG_WARN_DIRECT_OBJC_ISA_USAGE = YES_ERROR;
				CLANG_WARN_DOCUMENTATION_COMMENTS = YES;
				CLANG_WARN_EMPTY_BODY = YES;
				CLANG_WARN_ENUM_CONVERSION = YES;
				CLANG_WARN_INFINITE_RECURSION = YES;
				CLANG_WARN_INT_CONVERSION = YES;
				CLANG_WARN_NON_LITERAL_NULL_CONVERSION = YES;
				CLANG_WARN_OBJC_IMPLICIT_RETAIN_SELF = YES;
				CLANG_WARN_OBJC_LITERAL_CONVERSION = YES;
				CLANG_WARN_OBJC_ROOT_CLASS = YES_ERROR;
				CLANG_WARN_RANGE_LOOP_ANALYSIS = YES;
				CLANG_WARN_STRICT_PROTOTYPES = YES;
				CLANG_WARN_SUSPICIOUS_MOVE = YES;
				CLANG_WARN_UNGUARDED_AVAILABILITY = YES_AGGRESSIVE;
				CLANG_WARN_UNREACHABLE_CODE = YES;
				CLANG_WARN__DUPLICATE_METHOD_MATCH = YES;
				CODE_SIGN_IDENTITY = "iPhone Developer";
				COPY_PHASE_STRIP = NO;
				DEBUG_INFORMATION_FORMAT = dwarf;
				ENABLE_STRICT_OBJC_MSGSEND = YES;
				ENABLE_TESTABILITY = YES;
				GCC_C_LANGUAGE_STANDARD = gnu11;
				GCC_DYNAMIC_NO_PIC = NO;
				GCC_NO_COMMON_BLOCKS = YES;
				GCC_OPTIMIZATION_LEVEL = 0;
				GCC_PREPROCESSOR_DEFINITIONS = (
					"DEBUG=1",
					"$(inherited)",
				);
				GCC_WARN_64_TO_32_BIT_CONVERSION = YES;
				GCC_WARN_ABOUT_RETURN_TYPE = YES_ERROR;
				GCC_WARN_UNDECLARED_SELECTOR = YES;
				GCC_WARN_UNINITIALIZED_AUTOS = YES_AGGRESSIVE;
				GCC_WARN_UNUSED_FUNCTION = YES;
				GCC_WARN_UNUSED_VARIABLE = YES;
				IPHONEOS_DEPLOYMENT_TARGET = 12.2;
				MTL_ENABLE_DEBUG_INFO = INCLUDE_SOURCE;
				MTL_FAST_MATH = YES;
				ONLY_ACTIVE_ARCH = YES;
				SDKROOT = iphoneos;
			};
			name = Debug;
		};
		042EE7E7225AC6F1000D421C /* Release */ = {
			isa = XCBuildConfiguration;
			buildSettings = {
				ALWAYS_SEARCH_USER_PATHS = NO;
				CLANG_ANALYZER_NONNULL = YES;
				CLANG_ANALYZER_NUMBER_OBJECT_CONVERSION = YES_AGGRESSIVE;
				CLANG_CXX_LANGUAGE_STANDARD = "gnu++14";
				CLANG_CXX_LIBRARY = "libc++";
				CLANG_ENABLE_MODULES = YES;
				CLANG_ENABLE_OBJC_ARC = YES;
				CLANG_ENABLE_OBJC_WEAK = YES;
				CLANG_WARN_BLOCK_CAPTURE_AUTORELEASING = YES;
				CLANG_WARN_BOOL_CONVERSION = YES;
				CLANG_WARN_COMMA = YES;
				CLANG_WARN_CONSTANT_CONVERSION = YES;
				CLANG_WARN_DEPRECATED_OBJC_IMPLEMENTATIONS = YES;
				CLANG_WARN_DIRECT_OBJC_ISA_USAGE = YES_ERROR;
				CLANG_WARN_DOCUMENTATION_COMMENTS = YES;
				CLANG_WARN_EMPTY_BODY = YES;
				CLANG_WARN_ENUM_CONVERSION = YES;
				CLANG_WARN_INFINITE_RECURSION = YES;
				CLANG_WARN_INT_CONVERSION = YES;
				CLANG_WARN_NON_LITERAL_NULL_CONVERSION = YES;
				CLANG_WARN_OBJC_IMPLICIT_RETAIN_SELF = YES;
				CLANG_WARN_OBJC_LITERAL_CONVERSION = YES;
				CLANG_WARN_OBJC_ROOT_CLASS = YES_ERROR;
				CLANG_WARN_RANGE_LOOP_ANALYSIS = YES;
				CLANG_WARN_STRICT_PROTOTYPES = YES;
				CLANG_WARN_SUSPICIOUS_MOVE = YES;
				CLANG_WARN_UNGUARDED_AVAILABILITY = YES_AGGRESSIVE;
				CLANG_WARN_UNREACHABLE_CODE = YES;
				CLANG_WARN__DUPLICATE_METHOD_MATCH = YES;
				CODE_SIGN_IDENTITY = "iPhone Developer";
				COPY_PHASE_STRIP = NO;
				DEBUG_INFORMATION_FORMAT = "dwarf-with-dsym";
				ENABLE_NS_ASSERTIONS = NO;
				ENABLE_STRICT_OBJC_MSGSEND = YES;
				GCC_C_LANGUAGE_STANDARD = gnu11;
				GCC_NO_COMMON_BLOCKS = YES;
				GCC_WARN_64_TO_32_BIT_CONVERSION = YES;
				GCC_WARN_ABOUT_RETURN_TYPE = YES_ERROR;
				GCC_WARN_UNDECLARED_SELECTOR = YES;
				GCC_WARN_UNINITIALIZED_AUTOS = YES_AGGRESSIVE;
				GCC_WARN_UNUSED_FUNCTION = YES;
				GCC_WARN_UNUSED_VARIABLE = YES;
				IPHONEOS_DEPLOYMENT_TARGET = 12.2;
				MTL_ENABLE_DEBUG_INFO = NO;
				MTL_FAST_MATH = YES;
				SDKROOT = iphoneos;
				VALIDATE_PRODUCT = YES;
			};
			name = Release;
		};
		042EE7E9225AC6F1000D421C /* Debug */ = {
			isa = XCBuildConfiguration;
			buildSettings = {
				ASSETCATALOG_COMPILER_APPICON_NAME = AppIcon;
				CODE_SIGN_STYLE = Automatic;
				DEVELOPMENT_TEAM = GA9PFU989S;
				INFOPLIST_FILE = "Brick Breaker/Info.plist";
				LD_RUNPATH_SEARCH_PATHS = (
					"$(inherited)",
					"@executable_path/Frameworks",
				);
				PRODUCT_BUNDLE_IDENTIFIER = com.mido.gigaball;
				PRODUCT_NAME = "$(TARGET_NAME)";
				TARGETED_DEVICE_FAMILY = "1,2";
			};
			name = Debug;
		};
		042EE7EA225AC6F1000D421C /* Release */ = {
			isa = XCBuildConfiguration;
			buildSettings = {
				ASSETCATALOG_COMPILER_APPICON_NAME = AppIcon;
				CODE_SIGN_STYLE = Automatic;
				DEVELOPMENT_TEAM = GA9PFU989S;
				INFOPLIST_FILE = "Brick Breaker/Info.plist";
				LD_RUNPATH_SEARCH_PATHS = (
					"$(inherited)",
					"@executable_path/Frameworks",
				);
				PRODUCT_BUNDLE_IDENTIFIER = com.mido.gigaball;
				PRODUCT_NAME = "$(TARGET_NAME)";
				TARGETED_DEVICE_FAMILY = "1,2";
			};
			name = Release;
		};
		042EE7EC225AC6F1000D421C /* Debug */ = {
			isa = XCBuildConfiguration;
			buildSettings = {
				BUNDLE_LOADER = "$(TEST_HOST)";
				CODE_SIGN_STYLE = Automatic;
				DEVELOPMENT_TEAM = GA9PFU989S;
				INFOPLIST_FILE = "Brick BreakerTests/Info.plist";
				LD_RUNPATH_SEARCH_PATHS = (
					"$(inherited)",
					"@executable_path/Frameworks",
					"@loader_path/Frameworks",
				);
				PRODUCT_BUNDLE_IDENTIFIER = "com.mido.Brick-BreakerTests";
				PRODUCT_NAME = "$(TARGET_NAME)";
				TARGETED_DEVICE_FAMILY = "1,2";
				TEST_HOST = "$(BUILT_PRODUCTS_DIR)/Brick Breaker.app/Brick Breaker";
			};
			name = Debug;
		};
		042EE7ED225AC6F1000D421C /* Release */ = {
			isa = XCBuildConfiguration;
			buildSettings = {
				BUNDLE_LOADER = "$(TEST_HOST)";
				CODE_SIGN_STYLE = Automatic;
				DEVELOPMENT_TEAM = GA9PFU989S;
				INFOPLIST_FILE = "Brick BreakerTests/Info.plist";
				LD_RUNPATH_SEARCH_PATHS = (
					"$(inherited)",
					"@executable_path/Frameworks",
					"@loader_path/Frameworks",
				);
				PRODUCT_BUNDLE_IDENTIFIER = "com.mido.Brick-BreakerTests";
				PRODUCT_NAME = "$(TARGET_NAME)";
				TARGETED_DEVICE_FAMILY = "1,2";
				TEST_HOST = "$(BUILT_PRODUCTS_DIR)/Brick Breaker.app/Brick Breaker";
			};
			name = Release;
		};
		042EE7EF225AC6F1000D421C /* Debug */ = {
			isa = XCBuildConfiguration;
			buildSettings = {
				CODE_SIGN_STYLE = Automatic;
				DEVELOPMENT_TEAM = GA9PFU989S;
				INFOPLIST_FILE = "Brick BreakerUITests/Info.plist";
				LD_RUNPATH_SEARCH_PATHS = (
					"$(inherited)",
					"@executable_path/Frameworks",
					"@loader_path/Frameworks",
				);
				PRODUCT_BUNDLE_IDENTIFIER = "com.mido.Brick-BreakerUITests";
				PRODUCT_NAME = "$(TARGET_NAME)";
				TARGETED_DEVICE_FAMILY = "1,2";
				TEST_TARGET_NAME = "Brick Breaker";
			};
			name = Debug;
		};
		042EE7F0225AC6F1000D421C /* Release */ = {
			isa = XCBuildConfiguration;
			buildSettings = {
				CODE_SIGN_STYLE = Automatic;
				DEVELOPMENT_TEAM = GA9PFU989S;
				INFOPLIST_FILE = "Brick BreakerUITests/Info.plist";
				LD_RUNPATH_SEARCH_PATHS = (
					"$(inherited)",
					"@executable_path/Frameworks",
					"@loader_path/Frameworks",
				);
				PRODUCT_BUNDLE_IDENTIFIER = "com.mido.Brick-BreakerUITests";
				PRODUCT_NAME = "$(TARGET_NAME)";
				TARGETED_DEVICE_FAMILY = "1,2";
				TEST_TARGET_NAME = "Brick Breaker";
			};
			name = Release;
		};
/* End XCBuildConfiguration section */

/* Begin XCConfigurationList section */
		042EE7B0225AC6F0000D421C /* Build configuration list for PBXProject "Brick Breaker" */ = {
			isa = XCConfigurationList;
			buildConfigurations = (
				042EE7E6225AC6F1000D421C /* Debug */,
				042EE7E7225AC6F1000D421C /* Release */,
			);
			defaultConfigurationIsVisible = 0;
			defaultConfigurationName = Release;
		};
		042EE7E8225AC6F1000D421C /* Build configuration list for PBXNativeTarget "Brick Breaker" */ = {
			isa = XCConfigurationList;
			buildConfigurations = (
				042EE7E9225AC6F1000D421C /* Debug */,
				042EE7EA225AC6F1000D421C /* Release */,
			);
			defaultConfigurationIsVisible = 0;
			defaultConfigurationName = Release;
		};
		042EE7EB225AC6F1000D421C /* Build configuration list for PBXNativeTarget "Brick BreakerTests" */ = {
			isa = XCConfigurationList;
			buildConfigurations = (
				042EE7EC225AC6F1000D421C /* Debug */,
				042EE7ED225AC6F1000D421C /* Release */,
			);
			defaultConfigurationIsVisible = 0;
			defaultConfigurationName = Release;
		};
		042EE7EE225AC6F1000D421C /* Build configuration list for PBXNativeTarget "Brick BreakerUITests" */ = {
			isa = XCConfigurationList;
			buildConfigurations = (
				042EE7EF225AC6F1000D421C /* Debug */,
				042EE7F0225AC6F1000D421C /* Release */,
			);
			defaultConfigurationIsVisible = 0;
			defaultConfigurationName = Release;
		};
/* End XCConfigurationList section */
	};
	rootObject = 042EE7AD225AC6F0000D421C /* Project object */;
}
